
Microsoft Visual Studio Solution File, Format Version 12.00
# Visual Studio Version 17
VisualStudioVersion = 17.12.35527.113
MinimumVisualStudioVersion = 10.0.40219.1
Project("{2150E333-8FDC-42A3-9474-1A3956D46DE8}") = "services", "services", "{1FB30F66-D127-413E-90E8-CF656E282222}"
EndProject
Project("{2150E333-8FDC-42A3-9474-1A3956D46DE8}") = "api-gateway", "api-gateway", "{BECF3732-73A0-4900-BA91-1089E1378203}"
EndProject
Project("{2150E333-8FDC-42A3-9474-1A3956D46DE8}") = "user-service", "user-service", "{C3647255-E12E-418F-A509-CB2BAB6870C6}"
EndProject
Project("{2150E333-8FDC-42A3-9474-1A3956D46DE8}") = "client", "client", "{5614147A-1D52-462B-86A2-85B2B27EA57A}"
EndProject
Project("{2150E333-8FDC-42A3-9474-1A3956D46DE8}") = "service", "service", "{1754D147-670F-48D4-8838-3E61FA3B109B}"
EndProject
Project("{FAE04EC0-301F-11D3-BF4B-00C04F79EFBC}") = "ERP.Domain", "ERP.Domain\ERP.Domain.csproj", "{50FC6023-6FEA-47F0-A752-31047A50D7D0}"
EndProject
Project("{FAE04EC0-301F-11D3-BF4B-00C04F79EFBC}") = "ERP.Infrastructure", "ERP.Infrastructure\ERP.Infrastructure.csproj", "{64D3A21F-85DC-4F9E-B903-4474440D9ABF}"
EndProject
Project("{FAE04EC0-301F-11D3-BF4B-00C04F79EFBC}") = "ERP.WebApi", "ERP.WebApi\ERP.WebApi.csproj", "{702830CF-C93B-4F10-89D1-B3BCAA06A058}"
EndProject
Project("{FAE04EC0-301F-11D3-BF4B-00C04F79EFBC}") = "ERP.ApiGateway", "ERP.ApiGateway\ERP.ApiGateway.csproj", "{64B0EC0B-78A6-4115-8A07-CF0A536EE1A0}"
EndProject
Project("{FAE04EC0-301F-11D3-BF4B-00C04F79EFBC}") = "ERP.Application", "ERP.Application\ERP.Application.csproj", "{DFCCC536-6EEA-41C1-B130-F3555D94EE1F}"
EndProject
Project("{FAE04EC0-301F-11D3-BF4B-00C04F79EFBC}") = "ERP.ApplicationDTO", "ERP.ApplicationDTO\ERP.ApplicationDTO.csproj", "{C883C375-41EF-4011-8A04-FE08456A155E}"
EndProject
Project("{FAE04EC0-301F-11D3-BF4B-00C04F79EFBC}") = "ERP.Shared", "ERP.Shared\ERP.Shared.csproj", "{45E03FAB-A9C0-4A39-818C-530786E424A6}"
EndProject
Project("{2150E333-8FDC-42A3-9474-1A3956D46DE8}") = "shared", "shared", "{806215D0-5099-4697-BEA7-181E4F6AD7AC}"
EndProject
Global
	GlobalSection(SolutionConfigurationPlatforms) = preSolution
		Debug|Any CPU = Debug|Any CPU
		Release|Any CPU = Release|Any CPU
	EndGlobalSection
	GlobalSection(ProjectConfigurationPlatforms) = postSolution
		{50FC6023-6FEA-47F0-A752-31047A50D7D0}.Debug|Any CPU.ActiveCfg = Debug|Any CPU
		{50FC6023-6FEA-47F0-A752-31047A50D7D0}.Debug|Any CPU.Build.0 = Debug|Any CPU
		{50FC6023-6FEA-47F0-A752-31047A50D7D0}.Release|Any CPU.ActiveCfg = Release|Any CPU
		{50FC6023-6FEA-47F0-A752-31047A50D7D0}.Release|Any CPU.Build.0 = Release|Any CPU
		{64D3A21F-85DC-4F9E-B903-4474440D9ABF}.Debug|Any CPU.ActiveCfg = Debug|Any CPU
		{64D3A21F-85DC-4F9E-B903-4474440D9ABF}.Debug|Any CPU.Build.0 = Debug|Any CPU
		{64D3A21F-85DC-4F9E-B903-4474440D9ABF}.Release|Any CPU.ActiveCfg = Release|Any CPU
		{64D3A21F-85DC-4F9E-B903-4474440D9ABF}.Release|Any CPU.Build.0 = Release|Any CPU
		{702830CF-C93B-4F10-89D1-B3BCAA06A058}.Debug|Any CPU.ActiveCfg = Debug|Any CPU
		{702830CF-C93B-4F10-89D1-B3BCAA06A058}.Debug|Any CPU.Build.0 = Debug|Any CPU
		{702830CF-C93B-4F10-89D1-B3BCAA06A058}.Release|Any CPU.ActiveCfg = Release|Any CPU
		{702830CF-C93B-4F10-89D1-B3BCAA06A058}.Release|Any CPU.Build.0 = Release|Any CPU
		{64B0EC0B-78A6-4115-8A07-CF0A536EE1A0}.Debug|Any CPU.ActiveCfg = Debug|Any CPU
		{64B0EC0B-78A6-4115-8A07-CF0A536EE1A0}.Debug|Any CPU.Build.0 = Debug|Any CPU
		{64B0EC0B-78A6-4115-8A07-CF0A536EE1A0}.Release|Any CPU.ActiveCfg = Release|Any CPU
		{64B0EC0B-78A6-4115-8A07-CF0A536EE1A0}.Release|Any CPU.Build.0 = Release|Any CPU
		{DFCCC536-6EEA-41C1-B130-F3555D94EE1F}.Debug|Any CPU.ActiveCfg = Debug|Any CPU
		{DFCCC536-6EEA-41C1-B130-F3555D94EE1F}.Debug|Any CPU.Build.0 = Debug|Any CPU
		{DFCCC536-6EEA-41C1-B130-F3555D94EE1F}.Release|Any CPU.ActiveCfg = Release|Any CPU
		{DFCCC536-6EEA-41C1-B130-F3555D94EE1F}.Release|Any CPU.Build.0 = Release|Any CPU
		{C883C375-41EF-4011-8A04-FE08456A155E}.Debug|Any CPU.ActiveCfg = Debug|Any CPU
		{C883C375-41EF-4011-8A04-FE08456A155E}.Debug|Any CPU.Build.0 = Debug|Any CPU
		{C883C375-41EF-4011-8A04-FE08456A155E}.Release|Any CPU.ActiveCfg = Release|Any CPU
		{C883C375-41EF-4011-8A04-FE08456A155E}.Release|Any CPU.Build.0 = Release|Any CPU
		{45E03FAB-A9C0-4A39-818C-530786E424A6}.Debug|Any CPU.ActiveCfg = Debug|Any CPU
		{45E03FAB-A9C0-4A39-818C-530786E424A6}.Debug|Any CPU.Build.0 = Debug|Any CPU
		{45E03FAB-A9C0-4A39-818C-530786E424A6}.Release|Any CPU.ActiveCfg = Release|Any CPU
		{45E03FAB-A9C0-4A39-818C-530786E424A6}.Release|Any CPU.Build.0 = Release|Any CPU
	EndGlobalSection
	GlobalSection(SolutionProperties) = preSolution
		HideSolutionNode = FALSE
	EndGlobalSection
	GlobalSection(NestedProjects) = preSolution
		{BECF3732-73A0-4900-BA91-1089E1378203} = {1FB30F66-D127-413E-90E8-CF656E282222}
		{C3647255-E12E-418F-A509-CB2BAB6870C6} = {1FB30F66-D127-413E-90E8-CF656E282222}
		{5614147A-1D52-462B-86A2-85B2B27EA57A} = {C3647255-E12E-418F-A509-CB2BAB6870C6}
		{1754D147-670F-48D4-8838-3E61FA3B109B} = {C3647255-E12E-418F-A509-CB2BAB6870C6}
		{50FC6023-6FEA-47F0-A752-31047A50D7D0} = {1754D147-670F-48D4-8838-3E61FA3B109B}
		{64D3A21F-85DC-4F9E-B903-4474440D9ABF} = {1754D147-670F-48D4-8838-3E61FA3B109B}
		{702830CF-C93B-4F10-89D1-B3BCAA06A058} = {1754D147-670F-48D4-8838-3E61FA3B109B}
		{64B0EC0B-78A6-4115-8A07-CF0A536EE1A0} = {BECF3732-73A0-4900-BA91-1089E1378203}
		{DFCCC536-6EEA-41C1-B130-F3555D94EE1F} = {1754D147-670F-48D4-8838-3E61FA3B109B}
		{C883C375-41EF-4011-8A04-FE08456A155E} = {1754D147-670F-48D4-8838-3E61FA3B109B}
		{45E03FAB-A9C0-4A39-818C-530786E424A6} = {806215D0-5099-4697-BEA7-181E4F6AD7AC}
	EndGlobalSection
EndGlobal
